// !$*UTF8*$!
{
	archiveVersion = 1;
	classes = {
	};
	objectVersion = 55;
	objects = {

/* Begin PBXBuildFile section */
		D194247D28B3C4A300A215A3 /* AppDelegate.swift in Sources */ = {isa = PBXBuildFile; fileRef = D194247C28B3C4A300A215A3 /* AppDelegate.swift */; };
		D194247F28B3C4A300A215A3 /* SceneDelegate.swift in Sources */ = {isa = PBXBuildFile; fileRef = D194247E28B3C4A300A215A3 /* SceneDelegate.swift */; };
		D194248128B3C4A300A215A3 /* ViewController.swift in Sources */ = {isa = PBXBuildFile; fileRef = D194248028B3C4A300A215A3 /* ViewController.swift */; };
		D194248428B3C4A300A215A3 /* Main.storyboard in Resources */ = {isa = PBXBuildFile; fileRef = D194248228B3C4A300A215A3 /* Main.storyboard */; };
		D194248628B3C4A400A215A3 /* Assets.xcassets in Resources */ = {isa = PBXBuildFile; fileRef = D194248528B3C4A400A215A3 /* Assets.xcassets */; };
		D194248928B3C4A400A215A3 /* LaunchScreen.storyboard in Resources */ = {isa = PBXBuildFile; fileRef = D194248728B3C4A400A215A3 /* LaunchScreen.storyboard */; };
		D1C0825D28BF8D4B005CB868 /* SearchRecipeViewController.swift in Sources */ = {isa = PBXBuildFile; fileRef = D1C0825C28BF8D4B005CB868 /* SearchRecipeViewController.swift */; };
		D1C0825F28BF8D77005CB868 /* ListRecipeViewController.swift in Sources */ = {isa = PBXBuildFile; fileRef = D1C0825E28BF8D77005CB868 /* ListRecipeViewController.swift */; };
		D1C0826128BF8D86005CB868 /* FavoriteRecipeViewController.swift in Sources */ = {isa = PBXBuildFile; fileRef = D1C0826028BF8D86005CB868 /* FavoriteRecipeViewController.swift */; };
		D1C0826328BF8D9E005CB868 /* DetailRecipeViewController.swift in Sources */ = {isa = PBXBuildFile; fileRef = D1C0826228BF8D9E005CB868 /* DetailRecipeViewController.swift */; };
/* End PBXBuildFile section */

/* Begin PBXFileReference section */
		D194247928B3C4A300A215A3 /* ReciPlease.app */ = {isa = PBXFileReference; explicitFileType = wrapper.application; includeInIndex = 0; path = ReciPlease.app; sourceTree = BUILT_PRODUCTS_DIR; };
		D194247C28B3C4A300A215A3 /* AppDelegate.swift */ = {isa = PBXFileReference; lastKnownFileType = sourcecode.swift; path = AppDelegate.swift; sourceTree = "<group>"; };
		D194247E28B3C4A300A215A3 /* SceneDelegate.swift */ = {isa = PBXFileReference; lastKnownFileType = sourcecode.swift; path = SceneDelegate.swift; sourceTree = "<group>"; };
		D194248028B3C4A300A215A3 /* ViewController.swift */ = {isa = PBXFileReference; lastKnownFileType = sourcecode.swift; path = ViewController.swift; sourceTree = "<group>"; };
		D194248328B3C4A300A215A3 /* Base */ = {isa = PBXFileReference; lastKnownFileType = file.storyboard; name = Base; path = Base.lproj/Main.storyboard; sourceTree = "<group>"; };
		D194248528B3C4A400A215A3 /* Assets.xcassets */ = {isa = PBXFileReference; lastKnownFileType = folder.assetcatalog; path = Assets.xcassets; sourceTree = "<group>"; };
		D194248828B3C4A400A215A3 /* Base */ = {isa = PBXFileReference; lastKnownFileType = file.storyboard; name = Base; path = Base.lproj/LaunchScreen.storyboard; sourceTree = "<group>"; };
		D194248A28B3C4A400A215A3 /* Info.plist */ = {isa = PBXFileReference; lastKnownFileType = text.plist.xml; path = Info.plist; sourceTree = "<group>"; };
		D1C0825C28BF8D4B005CB868 /* SearchRecipeViewController.swift */ = {isa = PBXFileReference; lastKnownFileType = sourcecode.swift; path = SearchRecipeViewController.swift; sourceTree = "<group>"; };
		D1C0825E28BF8D77005CB868 /* ListRecipeViewController.swift */ = {isa = PBXFileReference; lastKnownFileType = sourcecode.swift; path = ListRecipeViewController.swift; sourceTree = "<group>"; };
		D1C0826028BF8D86005CB868 /* FavoriteRecipeViewController.swift */ = {isa = PBXFileReference; lastKnownFileType = sourcecode.swift; path = FavoriteRecipeViewController.swift; sourceTree = "<group>"; };
		D1C0826228BF8D9E005CB868 /* DetailRecipeViewController.swift */ = {isa = PBXFileReference; lastKnownFileType = sourcecode.swift; path = DetailRecipeViewController.swift; sourceTree = "<group>"; };
/* End PBXFileReference section */

/* Begin PBXFrameworksBuildPhase section */
		D194247628B3C4A300A215A3 /* Frameworks */ = {
			isa = PBXFrameworksBuildPhase;
			buildActionMask = 2147483647;
			files = (
			);
			runOnlyForDeploymentPostprocessing = 0;
		};
/* End PBXFrameworksBuildPhase section */

/* Begin PBXGroup section */
		D194247028B3C4A200A215A3 = {
			isa = PBXGroup;
			children = (
				D194247B28B3C4A300A215A3 /* ReciPlease */,
				D194247A28B3C4A300A215A3 /* Products */,
			);
			sourceTree = "<group>";
		};
		D194247A28B3C4A300A215A3 /* Products */ = {
			isa = PBXGroup;
			children = (
				D194247928B3C4A300A215A3 /* ReciPlease.app */,
			);
			name = Products;
			sourceTree = "<group>";
		};
		D194247B28B3C4A300A215A3 /* ReciPlease */ = {
			isa = PBXGroup;
			children = (
				D194249228B4256D00A215A3 /* Controller */,
				D194249128B4256600A215A3 /* View */,
				D194249028B4255200A215A3 /* Model */,
				D1C0825B28BF8CEC005CB868 /* Supporting Files */,
				D194248A28B3C4A400A215A3 /* Info.plist */,
			);
			path = ReciPlease;
			sourceTree = "<group>";
		};
		D194249028B4255200A215A3 /* Model */ = {
			isa = PBXGroup;
			children = (
			);
			path = Model;
			sourceTree = "<group>";
		};
		D194249128B4256600A215A3 /* View */ = {
			isa = PBXGroup;
			children = (
				D194248228B3C4A300A215A3 /* Main.storyboard */,
				D194248728B3C4A400A215A3 /* LaunchScreen.storyboard */,
			);
			path = View;
			sourceTree = "<group>";
		};
		D194249228B4256D00A215A3 /* Controller */ = {
			isa = PBXGroup;
			children = (
				D1C0825C28BF8D4B005CB868 /* SearchRecipeViewController.swift */,
				D1C0825E28BF8D77005CB868 /* ListRecipeViewController.swift */,
				D1C0826028BF8D86005CB868 /* FavoriteRecipeViewController.swift */,
				D1C0826228BF8D9E005CB868 /* DetailRecipeViewController.swift */,
			);
			path = Controller;
			sourceTree = "<group>";
		};
		D1C0825B28BF8CEC005CB868 /* Supporting Files */ = {
			isa = PBXGroup;
			children = (
				D194247E28B3C4A300A215A3 /* SceneDelegate.swift */,
				D194247C28B3C4A300A215A3 /* AppDelegate.swift */,
				D194248028B3C4A300A215A3 /* ViewController.swift */,
				D194248528B3C4A400A215A3 /* Assets.xcassets */,
			);
			path = "Supporting Files";
			sourceTree = "<group>";
		};
/* End PBXGroup section */

/* Begin PBXNativeTarget section */
		D194247828B3C4A300A215A3 /* ReciPlease */ = {
			isa = PBXNativeTarget;
			buildConfigurationList = D194248D28B3C4A400A215A3 /* Build configuration list for PBXNativeTarget "ReciPlease" */;
			buildPhases = (
				D194247528B3C4A300A215A3 /* Sources */,
				D194247628B3C4A300A215A3 /* Frameworks */,
				D194247728B3C4A300A215A3 /* Resources */,
			);
			buildRules = (
			);
			dependencies = (
			);
			name = ReciPlease;
			productName = ReciPlease;
			productReference = D194247928B3C4A300A215A3 /* ReciPlease.app */;
			productType = "com.apple.product-type.application";
		};
/* End PBXNativeTarget section */

/* Begin PBXProject section */
		D194247128B3C4A200A215A3 /* Project object */ = {
			isa = PBXProject;
			attributes = {
				BuildIndependentTargetsInParallel = 1;
				LastSwiftUpdateCheck = 1340;
				LastUpgradeCheck = 1340;
				TargetAttributes = {
					D194247828B3C4A300A215A3 = {
						CreatedOnToolsVersion = 13.4.1;
					};
				};
			};
			buildConfigurationList = D194247428B3C4A200A215A3 /* Build configuration list for PBXProject "ReciPlease" */;
			compatibilityVersion = "Xcode 13.0";
			developmentRegion = en;
			hasScannedForEncodings = 0;
			knownRegions = (
				en,
				Base,
			);
			mainGroup = D194247028B3C4A200A215A3;
			productRefGroup = D194247A28B3C4A300A215A3 /* Products */;
			projectDirPath = "";
			projectRoot = "";
			targets = (
				D194247828B3C4A300A215A3 /* ReciPlease */,
			);
		};
/* End PBXProject section */

/* Begin PBXResourcesBuildPhase section */
		D194247728B3C4A300A215A3 /* Resources */ = {
			isa = PBXResourcesBuildPhase;
			buildActionMask = 2147483647;
			files = (
				D194248928B3C4A400A215A3 /* LaunchScreen.storyboard in Resources */,
				D194248628B3C4A400A215A3 /* Assets.xcassets in Resources */,
				D194248428B3C4A300A215A3 /* Main.storyboard in Resources */,
			);
			runOnlyForDeploymentPostprocessing = 0;
		};
/* End PBXResourcesBuildPhase section */

/* Begin PBXSourcesBuildPhase section */
		D194247528B3C4A300A215A3 /* Sources */ = {
			isa = PBXSourcesBuildPhase;
			buildActionMask = 2147483647;
			files = (
				D1C0826128BF8D86005CB868 /* FavoriteRecipeViewController.swift in Sources */,
				D1C0825D28BF8D4B005CB868 /* SearchRecipeViewController.swift in Sources */,
				D1C0825F28BF8D77005CB868 /* ListRecipeViewController.swift in Sources */,
				D194248128B3C4A300A215A3 /* ViewController.swift in Sources */,
				D1C0826328BF8D9E005CB868 /* DetailRecipeViewController.swift in Sources */,
				D194247D28B3C4A300A215A3 /* AppDelegate.swift in Sources */,
				D194247F28B3C4A300A215A3 /* SceneDelegate.swift in Sources */,
			);
			runOnlyForDeploymentPostprocessing = 0;
		};
/* End PBXSourcesBuildPhase section */

/* Begin PBXVariantGroup section */
		D194248228B3C4A300A215A3 /* Main.storyboard */ = {
			isa = PBXVariantGroup;
			children = (
				D194248328B3C4A300A215A3 /* Base */,
			);
			name = Main.storyboard;
			sourceTree = "<group>";
		};
		D194248728B3C4A400A215A3 /* LaunchScreen.storyboard */ = {
			isa = PBXVariantGroup;
			children = (
				D194248828B3C4A400A215A3 /* Base */,
			);
			name = LaunchScreen.storyboard;
			sourceTree = "<group>";
		};
/* End PBXVariantGroup section */

/* Begin XCBuildConfiguration section */
		D194248B28B3C4A400A215A3 /* Debug */ = {
			isa = XCBuildConfiguration;
			buildSettings = {
				ALWAYS_SEARCH_USER_PATHS = NO;
				CLANG_ANALYZER_NONNULL = YES;
				CLANG_ANALYZER_NUMBER_OBJECT_CONVERSION = YES_AGGRESSIVE;
				CLANG_CXX_LANGUAGE_STANDARD = "gnu++17";
				CLANG_ENABLE_MODULES = YES;
				CLANG_ENABLE_OBJC_ARC = YES;
				CLANG_ENABLE_OBJC_WEAK = YES;
				CLANG_WARN_BLOCK_CAPTURE_AUTORELEASING = YES;
				CLANG_WARN_BOOL_CONVERSION = YES;
				CLANG_WARN_COMMA = YES;
				CLANG_WARN_CONSTANT_CONVERSION = YES;
				CLANG_WARN_DEPRECATED_OBJC_IMPLEMENTATIONS = YES;
				CLANG_WARN_DIRECT_OBJC_ISA_USAGE = YES_ERROR;
				CLANG_WARN_DOCUMENTATION_COMMENTS = YES;
				CLANG_WARN_EMPTY_BODY = YES;
				CLANG_WARN_ENUM_CONVERSION = YES;
				CLANG_WARN_INFINITE_RECURSION = YES;
				CLANG_WARN_INT_CONVERSION = YES;
				CLANG_WARN_NON_LITERAL_NULL_CONVERSION = YES;
				CLANG_WARN_OBJC_IMPLICIT_RETAIN_SELF = YES;
				CLANG_WARN_OBJC_LITERAL_CONVERSION = YES;
				CLANG_WARN_OBJC_ROOT_CLASS = YES_ERROR;
				CLANG_WARN_QUOTED_INCLUDE_IN_FRAMEWORK_HEADER = YES;
				CLANG_WARN_RANGE_LOOP_ANALYSIS = YES;
				CLANG_WARN_STRICT_PROTOTYPES = YES;
				CLANG_WARN_SUSPICIOUS_MOVE = YES;
				CLANG_WARN_UNGUARDED_AVAILABILITY = YES_AGGRESSIVE;
				CLANG_WARN_UNREACHABLE_CODE = YES;
				CLANG_WARN__DUPLICATE_METHOD_MATCH = YES;
				COPY_PHASE_STRIP = NO;
				DEBUG_INFORMATION_FORMAT = dwarf;
				ENABLE_STRICT_OBJC_MSGSEND = YES;
				ENABLE_TESTABILITY = YES;
				GCC_C_LANGUAGE_STANDARD = gnu11;
				GCC_DYNAMIC_NO_PIC = NO;
				GCC_NO_COMMON_BLOCKS = YES;
				GCC_OPTIMIZATION_LEVEL = 0;
				GCC_PREPROCESSOR_DEFINITIONS = (
					"DEBUG=1",
					"$(inherited)",
				);
				GCC_WARN_64_TO_32_BIT_CONVERSION = YES;
				GCC_WARN_ABOUT_RETURN_TYPE = YES_ERROR;
				GCC_WARN_UNDECLARED_SELECTOR = YES;
				GCC_WARN_UNINITIALIZED_AUTOS = YES_AGGRESSIVE;
				GCC_WARN_UNUSED_FUNCTION = YES;
				GCC_WARN_UNUSED_VARIABLE = YES;
				IPHONEOS_DEPLOYMENT_TARGET = 15.5;
				MTL_ENABLE_DEBUG_INFO = INCLUDE_SOURCE;
				MTL_FAST_MATH = YES;
				ONLY_ACTIVE_ARCH = YES;
				SDKROOT = iphoneos;
				SWIFT_ACTIVE_COMPILATION_CONDITIONS = DEBUG;
				SWIFT_OPTIMIZATION_LEVEL = "-Onone";
			};
			name = Debug;
		};
		D194248C28B3C4A400A215A3 /* Release */ = {
			isa = XCBuildConfiguration;
			buildSettings = {
				ALWAYS_SEARCH_USER_PATHS = NO;
				CLANG_ANALYZER_NONNULL = YES;
				CLANG_ANALYZER_NUMBER_OBJECT_CONVERSION = YES_AGGRESSIVE;
				CLANG_CXX_LANGUAGE_STANDARD = "gnu++17";
				CLANG_ENABLE_MODULES = YES;
				CLANG_ENABLE_OBJC_ARC = YES;
				CLANG_ENABLE_OBJC_WEAK = YES;
				CLANG_WARN_BLOCK_CAPTURE_AUTORELEASING = YES;
				CLANG_WARN_BOOL_CONVERSION = YES;
				CLANG_WARN_COMMA = YES;
				CLANG_WARN_CONSTANT_CONVERSION = YES;
				CLANG_WARN_DEPRECATED_OBJC_IMPLEMENTATIONS = YES;
				CLANG_WARN_DIRECT_OBJC_ISA_USAGE = YES_ERROR;
				CLANG_WARN_DOCUMENTATION_COMMENTS = YES;
				CLANG_WARN_EMPTY_BODY = YES;
				CLANG_WARN_ENUM_CONVERSION = YES;
				CLANG_WARN_INFINITE_RECURSION = YES;
				CLANG_WARN_INT_CONVERSION = YES;
				CLANG_WARN_NON_LITERAL_NULL_CONVERSION = YES;
				CLANG_WARN_OBJC_IMPLICIT_RETAIN_SELF = YES;
				CLANG_WARN_OBJC_LITERAL_CONVERSION = YES;
				CLANG_WARN_OBJC_ROOT_CLASS = YES_ERROR;
				CLANG_WARN_QUOTED_INCLUDE_IN_FRAMEWORK_HEADER = YES;
				CLANG_WARN_RANGE_LOOP_ANALYSIS = YES;
				CLANG_WARN_STRICT_PROTOTYPES = YES;
				CLANG_WARN_SUSPICIOUS_MOVE = YES;
				CLANG_WARN_UNGUARDED_AVAILABILITY = YES_AGGRESSIVE;
				CLANG_WARN_UNREACHABLE_CODE = YES;
				CLANG_WARN__DUPLICATE_METHOD_MATCH = YES;
				COPY_PHASE_STRIP = NO;
				DEBUG_INFORMATION_FORMAT = "dwarf-with-dsym";
				ENABLE_NS_ASSERTIONS = NO;
				ENABLE_STRICT_OBJC_MSGSEND = YES;
				GCC_C_LANGUAGE_STANDARD = gnu11;
				GCC_NO_COMMON_BLOCKS = YES;
				GCC_WARN_64_TO_32_BIT_CONVERSION = YES;
				GCC_WARN_ABOUT_RETURN_TYPE = YES_ERROR;
				GCC_WARN_UNDECLARED_SELECTOR = YES;
				GCC_WARN_UNINITIALIZED_AUTOS = YES_AGGRESSIVE;
				GCC_WARN_UNUSED_FUNCTION = YES;
				GCC_WARN_UNUSED_VARIABLE = YES;
				IPHONEOS_DEPLOYMENT_TARGET = 15.5;
				MTL_ENABLE_DEBUG_INFO = NO;
				MTL_FAST_MATH = YES;
				SDKROOT = iphoneos;
				SWIFT_COMPILATION_MODE = wholemodule;
				SWIFT_OPTIMIZATION_LEVEL = "-O";
				VALIDATE_PRODUCT = YES;
			};
			name = Release;
		};
		D194248E28B3C4A400A215A3 /* Debug */ = {
			isa = XCBuildConfiguration;
			buildSettings = {
				ASSETCATALOG_COMPILER_APPICON_NAME = AppIcon;
				ASSETCATALOG_COMPILER_GLOBAL_ACCENT_COLOR_NAME = AccentColor;
				CODE_SIGN_STYLE = Automatic;
				CURRENT_PROJECT_VERSION = 1;
				DEVELOPMENT_TEAM = 69N585LAQZ;
				GENERATE_INFOPLIST_FILE = YES;
				INFOPLIST_FILE = ReciPlease/Info.plist;
				INFOPLIST_KEY_UIApplicationSupportsIndirectInputEvents = YES;
				INFOPLIST_KEY_UILaunchStoryboardName = LaunchScreen;
				INFOPLIST_KEY_UIMainStoryboardFile = Main;
				INFOPLIST_KEY_UISupportedInterfaceOrientations_iPad = "UIInterfaceOrientationPortrait UIInterfaceOrientationPortraitUpsideDown UIInterfaceOrientationLandscapeLeft UIInterfaceOrientationLandscapeRight";
				INFOPLIST_KEY_UISupportedInterfaceOrientations_iPhone = "UIInterfaceOrientationPortrait UIInterfaceOrientationLandscapeLeft UIInterfaceOrientationLandscapeRight";
				LD_RUNPATH_SEARCH_PATHS = (
					"$(inherited)",
					"@executable_path/Frameworks",
				);
				MARKETING_VERSION = 1.0;
				PRODUCT_BUNDLE_IDENTIFIER = "com.sofyan-dev.ReciPlease";
				PRODUCT_NAME = "$(TARGET_NAME)";
				SWIFT_EMIT_LOC_STRINGS = YES;
				SWIFT_VERSION = 5.0;
				TARGETED_DEVICE_FAMILY = "1,2";
			};
			name = Debug;
		};
		D194248F28B3C4A400A215A3 /* Release */ = {
			isa = XCBuildConfiguration;
			buildSettings = {
				ASSETCATALOG_COMPILER_APPICON_NAME = AppIcon;
				ASSETCATALOG_COMPILER_GLOBAL_ACCENT_COLOR_NAME = AccentColor;
				CODE_SIGN_STYLE = Automatic;
				CURRENT_PROJECT_VERSION = 1;
				DEVELOPMENT_TEAM = 69N585LAQZ;
				GENERATE_INFOPLIST_FILE = YES;
				INFOPLIST_FILE = ReciPlease/Info.plist;
				INFOPLIST_KEY_UIApplicationSupportsIndirectInputEvents = YES;
				INFOPLIST_KEY_UILaunchStoryboardName = LaunchScreen;
				INFOPLIST_KEY_UIMainStoryboardFile = Main;
				INFOPLIST_KEY_UISupportedInterfaceOrientations_iPad = "UIInterfaceOrientationPortrait UIInterfaceOrientationPortraitUpsideDown UIInterfaceOrientationLandscapeLeft UIInterfaceOrientationLandscapeRight";
				INFOPLIST_KEY_UISupportedInterfaceOrientations_iPhone = "UIInterfaceOrientationPortrait UIInterfaceOrientationLandscapeLeft UIInterfaceOrientationLandscapeRight";
				LD_RUNPATH_SEARCH_PATHS = (
					"$(inherited)",
					"@executable_path/Frameworks",
				);
				MARKETING_VERSION = 1.0;
				PRODUCT_BUNDLE_IDENTIFIER = "com.sofyan-dev.ReciPlease";
				PRODUCT_NAME = "$(TARGET_NAME)";
				SWIFT_EMIT_LOC_STRINGS = YES;
				SWIFT_VERSION = 5.0;
				TARGETED_DEVICE_FAMILY = "1,2";
			};
			name = Release;
		};
/* End XCBuildConfiguration section */

/* Begin XCConfigurationList section */
		D194247428B3C4A200A215A3 /* Build configuration list for PBXProject "ReciPlease" */ = {
			isa = XCConfigurationList;
			buildConfigurations = (
				D194248B28B3C4A400A215A3 /* Debug */,
				D194248C28B3C4A400A215A3 /* Release */,
			);
			defaultConfigurationIsVisible = 0;
			defaultConfigurationName = Release;
		};
		D194248D28B3C4A400A215A3 /* Build configuration list for PBXNativeTarget "ReciPlease" */ = {
			isa = XCConfigurationList;
			buildConfigurations = (
				D194248E28B3C4A400A215A3 /* Debug */,
				D194248F28B3C4A400A215A3 /* Release */,
			);
			defaultConfigurationIsVisible = 0;
			defaultConfigurationName = Release;
		};
/* End XCConfigurationList section */
	};
	rootObject = D194247128B3C4A200A215A3 /* Project object */;
}
