// !$*UTF8*$!
{
	archiveVersion = 1;
	classes = {
	};
	objectVersion = 55;
	objects = {

/* Begin PBXBuildFile section */
		0362F9C9AA85BADF6DE666AD /* Pods_ReciPlease.framework in Frameworks */ = {isa = PBXBuildFile; fileRef = 0CDAF08F01AFBA1C90077507 /* Pods_ReciPlease.framework */; };
		3D9F1F8BEADD8AC0E21B1469 /* Pods_ReciPleaseTests.framework in Frameworks */ = {isa = PBXBuildFile; fileRef = C6C43EB13AF31480FBCA4C4F /* Pods_ReciPleaseTests.framework */; };
		D147B99928BFD0890000D301 /* RecipeDataModel.xcdatamodeld in Sources */ = {isa = PBXBuildFile; fileRef = D147B99728BFD0890000D301 /* RecipeDataModel.xcdatamodeld */; };
		D194247D28B3C4A300A215A3 /* AppDelegate.swift in Sources */ = {isa = PBXBuildFile; fileRef = D194247C28B3C4A300A215A3 /* AppDelegate.swift */; };
		D194247F28B3C4A300A215A3 /* SceneDelegate.swift in Sources */ = {isa = PBXBuildFile; fileRef = D194247E28B3C4A300A215A3 /* SceneDelegate.swift */; };
		D194248128B3C4A300A215A3 /* ViewController.swift in Sources */ = {isa = PBXBuildFile; fileRef = D194248028B3C4A300A215A3 /* ViewController.swift */; };
		D194248428B3C4A300A215A3 /* Main.storyboard in Resources */ = {isa = PBXBuildFile; fileRef = D194248228B3C4A300A215A3 /* Main.storyboard */; };
		D194248628B3C4A400A215A3 /* Assets.xcassets in Resources */ = {isa = PBXBuildFile; fileRef = D194248528B3C4A400A215A3 /* Assets.xcassets */; };
		D194248928B3C4A400A215A3 /* LaunchScreen.storyboard in Resources */ = {isa = PBXBuildFile; fileRef = D194248728B3C4A400A215A3 /* LaunchScreen.storyboard */; };
		D1C0825D28BF8D4B005CB868 /* SearchRecipeViewController.swift in Sources */ = {isa = PBXBuildFile; fileRef = D1C0825C28BF8D4B005CB868 /* SearchRecipeViewController.swift */; };
		D1C0825F28BF8D77005CB868 /* ListRecipeViewController.swift in Sources */ = {isa = PBXBuildFile; fileRef = D1C0825E28BF8D77005CB868 /* ListRecipeViewController.swift */; };
		D1C0826128BF8D86005CB868 /* FavoriteRecipeViewController.swift in Sources */ = {isa = PBXBuildFile; fileRef = D1C0826028BF8D86005CB868 /* FavoriteRecipeViewController.swift */; };
		D1C0826328BF8D9E005CB868 /* DetailRecipeViewController.swift in Sources */ = {isa = PBXBuildFile; fileRef = D1C0826228BF8D9E005CB868 /* DetailRecipeViewController.swift */; };
		D1C0826628BF8FE0005CB868 /* RecipeService.swift in Sources */ = {isa = PBXBuildFile; fileRef = D1C0826528BF8FE0005CB868 /* RecipeService.swift */; };
		D1C0826A28BF91D2005CB868 /* ApiProfile.swift in Sources */ = {isa = PBXBuildFile; fileRef = D1C0826928BF91D2005CB868 /* ApiProfile.swift */; };
		D1C0826C28BF9207005CB868 /* RecipeSession.swift in Sources */ = {isa = PBXBuildFile; fileRef = D1C0826B28BF9207005CB868 /* RecipeSession.swift */; };
		D1C0827528BF92B8005CB868 /* ReciPleaseTests.swift in Sources */ = {isa = PBXBuildFile; fileRef = D1C0827428BF92B8005CB868 /* ReciPleaseTests.swift */; };
		D1C0827F28BF968B005CB868 /* RecipeSearch.swift in Sources */ = {isa = PBXBuildFile; fileRef = D1C0827E28BF968B005CB868 /* RecipeSearch.swift */; };
		D1C0828128BF9700005CB868 /* CoreDataManager.swift in Sources */ = {isa = PBXBuildFile; fileRef = D1C0828028BF9700005CB868 /* CoreDataManager.swift */; };
		D1C0828328BF9B98005CB868 /* CoreDataStack.swift in Sources */ = {isa = PBXBuildFile; fileRef = D1C0828228BF9B98005CB868 /* CoreDataStack.swift */; };
		D1C0828528BF9BCB005CB868 /* ErrorCases.swift in Sources */ = {isa = PBXBuildFile; fileRef = D1C0828428BF9BCB005CB868 /* ErrorCases.swift */; };
		D1C0828828BF9C63005CB868 /* UIViewController.swift in Sources */ = {isa = PBXBuildFile; fileRef = D1C0828728BF9C63005CB868 /* UIViewController.swift */; };
		D1C0828A28BF9D2C005CB868 /* RecipeTableViewCell.xib in Resources */ = {isa = PBXBuildFile; fileRef = D1C0828928BF9D2C005CB868 /* RecipeTableViewCell.xib */; };
		D1C0828C28BF9D74005CB868 /* RecipeTableViewCell.swift in Sources */ = {isa = PBXBuildFile; fileRef = D1C0828B28BF9D74005CB868 /* RecipeTableViewCell.swift */; };
		D1C0828E28BF9DB7005CB868 /* ExtensionsInt.swift in Sources */ = {isa = PBXBuildFile; fileRef = D1C0828D28BF9DB7005CB868 /* ExtensionsInt.swift */; };
		D1C0829028BF9DCE005CB868 /* ExtensionString.swift in Sources */ = {isa = PBXBuildFile; fileRef = D1C0828F28BF9DCE005CB868 /* ExtensionString.swift */; };
		D1C0829228BF9E21005CB868 /* UIImage.swift in Sources */ = {isa = PBXBuildFile; fileRef = D1C0829128BF9E21005CB868 /* UIImage.swift */; };
		D1C0829428BF9E58005CB868 /* Time.swift in Sources */ = {isa = PBXBuildFile; fileRef = D1C0829328BF9E58005CB868 /* Time.swift */; };
		D1C0829628BF9EC5005CB868 /* IngredientsTableViewCell.swift in Sources */ = {isa = PBXBuildFile; fileRef = D1C0829528BF9EC5005CB868 /* IngredientsTableViewCell.swift */; };
		D1C082B328BFA8F5005CB868 /* SessionFake.swift in Sources */ = {isa = PBXBuildFile; fileRef = D1C082B228BFA8F5005CB868 /* SessionFake.swift */; };
		D1C082B528BFA908005CB868 /* FakeResponseData.swift in Sources */ = {isa = PBXBuildFile; fileRef = D1C082B428BFA908005CB868 /* FakeResponseData.swift */; };
		D1C082B728BFA926005CB868 /* CoreDataManagerTests.swift in Sources */ = {isa = PBXBuildFile; fileRef = D1C082B628BFA926005CB868 /* CoreDataManagerTests.swift */; };
		D1C082B928BFA938005CB868 /* MockCoreDataStack.swift in Sources */ = {isa = PBXBuildFile; fileRef = D1C082B828BFA938005CB868 /* MockCoreDataStack.swift */; };
		D1C082BC28BFAA39005CB868 /* EdamamRecipe.json in Resources */ = {isa = PBXBuildFile; fileRef = D1C082BB28BFAA39005CB868 /* EdamamRecipe.json */; };
/* End PBXBuildFile section */

/* Begin PBXContainerItemProxy section */
		D1C0827628BF92B8005CB868 /* PBXContainerItemProxy */ = {
			isa = PBXContainerItemProxy;
			containerPortal = D194247128B3C4A200A215A3 /* Project object */;
			proxyType = 1;
			remoteGlobalIDString = D194247828B3C4A300A215A3;
			remoteInfo = ReciPlease;
		};
/* End PBXContainerItemProxy section */

/* Begin PBXFileReference section */
		0B4C70DF7C3E431EFC9BB8E9 /* Pods-ReciPleaseTests.release.xcconfig */ = {isa = PBXFileReference; includeInIndex = 1; lastKnownFileType = text.xcconfig; name = "Pods-ReciPleaseTests.release.xcconfig"; path = "Target Support Files/Pods-ReciPleaseTests/Pods-ReciPleaseTests.release.xcconfig"; sourceTree = "<group>"; };
		0CDAF08F01AFBA1C90077507 /* Pods_ReciPlease.framework */ = {isa = PBXFileReference; explicitFileType = wrapper.framework; includeInIndex = 0; path = Pods_ReciPlease.framework; sourceTree = BUILT_PRODUCTS_DIR; };
		25A8C23096E69835111A8024 /* Pods-ReciPlease.release.xcconfig */ = {isa = PBXFileReference; includeInIndex = 1; lastKnownFileType = text.xcconfig; name = "Pods-ReciPlease.release.xcconfig"; path = "Target Support Files/Pods-ReciPlease/Pods-ReciPlease.release.xcconfig"; sourceTree = "<group>"; };
		5A2D3AC5A01B6BCE2EE78FEB /* Pods-ReciPlease.debug.xcconfig */ = {isa = PBXFileReference; includeInIndex = 1; lastKnownFileType = text.xcconfig; name = "Pods-ReciPlease.debug.xcconfig"; path = "Target Support Files/Pods-ReciPlease/Pods-ReciPlease.debug.xcconfig"; sourceTree = "<group>"; };
		9EACD7AB8E17686FC27EF70B /* Pods-ReciPleaseTests.debug.xcconfig */ = {isa = PBXFileReference; includeInIndex = 1; lastKnownFileType = text.xcconfig; name = "Pods-ReciPleaseTests.debug.xcconfig"; path = "Target Support Files/Pods-ReciPleaseTests/Pods-ReciPleaseTests.debug.xcconfig"; sourceTree = "<group>"; };
		C6C43EB13AF31480FBCA4C4F /* Pods_ReciPleaseTests.framework */ = {isa = PBXFileReference; explicitFileType = wrapper.framework; includeInIndex = 0; path = Pods_ReciPleaseTests.framework; sourceTree = BUILT_PRODUCTS_DIR; };
		D147B99828BFD0890000D301 /* Reciplease_p10.xcdatamodel */ = {isa = PBXFileReference; lastKnownFileType = wrapper.xcdatamodel; path = Reciplease_p10.xcdatamodel; sourceTree = "<group>"; };
		D194247928B3C4A300A215A3 /* ReciPlease.app */ = {isa = PBXFileReference; explicitFileType = wrapper.application; includeInIndex = 0; path = ReciPlease.app; sourceTree = BUILT_PRODUCTS_DIR; };
		D194247C28B3C4A300A215A3 /* AppDelegate.swift */ = {isa = PBXFileReference; lastKnownFileType = sourcecode.swift; path = AppDelegate.swift; sourceTree = "<group>"; };
		D194247E28B3C4A300A215A3 /* SceneDelegate.swift */ = {isa = PBXFileReference; lastKnownFileType = sourcecode.swift; path = SceneDelegate.swift; sourceTree = "<group>"; };
		D194248028B3C4A300A215A3 /* ViewController.swift */ = {isa = PBXFileReference; lastKnownFileType = sourcecode.swift; path = ViewController.swift; sourceTree = "<group>"; };
		D194248328B3C4A300A215A3 /* Base */ = {isa = PBXFileReference; lastKnownFileType = file.storyboard; name = Base; path = Base.lproj/Main.storyboard; sourceTree = "<group>"; };
		D194248528B3C4A400A215A3 /* Assets.xcassets */ = {isa = PBXFileReference; lastKnownFileType = folder.assetcatalog; path = Assets.xcassets; sourceTree = "<group>"; };
		D194248828B3C4A400A215A3 /* Base */ = {isa = PBXFileReference; lastKnownFileType = file.storyboard; name = Base; path = Base.lproj/LaunchScreen.storyboard; sourceTree = "<group>"; };
		D194248A28B3C4A400A215A3 /* Info.plist */ = {isa = PBXFileReference; lastKnownFileType = text.plist.xml; path = Info.plist; sourceTree = "<group>"; };
		D1C0825C28BF8D4B005CB868 /* SearchRecipeViewController.swift */ = {isa = PBXFileReference; lastKnownFileType = sourcecode.swift; path = SearchRecipeViewController.swift; sourceTree = "<group>"; };
		D1C0825E28BF8D77005CB868 /* ListRecipeViewController.swift */ = {isa = PBXFileReference; lastKnownFileType = sourcecode.swift; path = ListRecipeViewController.swift; sourceTree = "<group>"; };
		D1C0826028BF8D86005CB868 /* FavoriteRecipeViewController.swift */ = {isa = PBXFileReference; lastKnownFileType = sourcecode.swift; path = FavoriteRecipeViewController.swift; sourceTree = "<group>"; };
		D1C0826228BF8D9E005CB868 /* DetailRecipeViewController.swift */ = {isa = PBXFileReference; lastKnownFileType = sourcecode.swift; path = DetailRecipeViewController.swift; sourceTree = "<group>"; };
		D1C0826528BF8FE0005CB868 /* RecipeService.swift */ = {isa = PBXFileReference; lastKnownFileType = sourcecode.swift; path = RecipeService.swift; sourceTree = "<group>"; };
		D1C0826928BF91D2005CB868 /* ApiProfile.swift */ = {isa = PBXFileReference; lastKnownFileType = sourcecode.swift; path = ApiProfile.swift; sourceTree = "<group>"; };
		D1C0826B28BF9207005CB868 /* RecipeSession.swift */ = {isa = PBXFileReference; lastKnownFileType = sourcecode.swift; path = RecipeSession.swift; sourceTree = "<group>"; };
		D1C0827228BF92B8005CB868 /* ReciPleaseTests.xctest */ = {isa = PBXFileReference; explicitFileType = wrapper.cfbundle; includeInIndex = 0; path = ReciPleaseTests.xctest; sourceTree = BUILT_PRODUCTS_DIR; };
		D1C0827428BF92B8005CB868 /* ReciPleaseTests.swift */ = {isa = PBXFileReference; lastKnownFileType = sourcecode.swift; path = ReciPleaseTests.swift; sourceTree = "<group>"; };
		D1C0827E28BF968B005CB868 /* RecipeSearch.swift */ = {isa = PBXFileReference; lastKnownFileType = sourcecode.swift; path = RecipeSearch.swift; sourceTree = "<group>"; };
		D1C0828028BF9700005CB868 /* CoreDataManager.swift */ = {isa = PBXFileReference; lastKnownFileType = sourcecode.swift; path = CoreDataManager.swift; sourceTree = "<group>"; };
		D1C0828228BF9B98005CB868 /* CoreDataStack.swift */ = {isa = PBXFileReference; lastKnownFileType = sourcecode.swift; path = CoreDataStack.swift; sourceTree = "<group>"; };
		D1C0828428BF9BCB005CB868 /* ErrorCases.swift */ = {isa = PBXFileReference; lastKnownFileType = sourcecode.swift; path = ErrorCases.swift; sourceTree = "<group>"; };
		D1C0828728BF9C63005CB868 /* UIViewController.swift */ = {isa = PBXFileReference; lastKnownFileType = sourcecode.swift; path = UIViewController.swift; sourceTree = "<group>"; };
		D1C0828928BF9D2C005CB868 /* RecipeTableViewCell.xib */ = {isa = PBXFileReference; lastKnownFileType = file.xib; path = RecipeTableViewCell.xib; sourceTree = "<group>"; };
		D1C0828B28BF9D74005CB868 /* RecipeTableViewCell.swift */ = {isa = PBXFileReference; lastKnownFileType = sourcecode.swift; path = RecipeTableViewCell.swift; sourceTree = "<group>"; };
		D1C0828D28BF9DB7005CB868 /* ExtensionsInt.swift */ = {isa = PBXFileReference; lastKnownFileType = sourcecode.swift; path = ExtensionsInt.swift; sourceTree = "<group>"; };
		D1C0828F28BF9DCE005CB868 /* ExtensionString.swift */ = {isa = PBXFileReference; lastKnownFileType = sourcecode.swift; path = ExtensionString.swift; sourceTree = "<group>"; };
		D1C0829128BF9E21005CB868 /* UIImage.swift */ = {isa = PBXFileReference; lastKnownFileType = sourcecode.swift; path = UIImage.swift; sourceTree = "<group>"; };
		D1C0829328BF9E58005CB868 /* Time.swift */ = {isa = PBXFileReference; lastKnownFileType = sourcecode.swift; path = Time.swift; sourceTree = "<group>"; };
		D1C0829528BF9EC5005CB868 /* IngredientsTableViewCell.swift */ = {isa = PBXFileReference; lastKnownFileType = sourcecode.swift; path = IngredientsTableViewCell.swift; sourceTree = "<group>"; };
		D1C082B228BFA8F5005CB868 /* SessionFake.swift */ = {isa = PBXFileReference; lastKnownFileType = sourcecode.swift; path = SessionFake.swift; sourceTree = "<group>"; };
		D1C082B428BFA908005CB868 /* FakeResponseData.swift */ = {isa = PBXFileReference; lastKnownFileType = sourcecode.swift; path = FakeResponseData.swift; sourceTree = "<group>"; };
		D1C082B628BFA926005CB868 /* CoreDataManagerTests.swift */ = {isa = PBXFileReference; lastKnownFileType = sourcecode.swift; path = CoreDataManagerTests.swift; sourceTree = "<group>"; };
		D1C082B828BFA938005CB868 /* MockCoreDataStack.swift */ = {isa = PBXFileReference; lastKnownFileType = sourcecode.swift; path = MockCoreDataStack.swift; sourceTree = "<group>"; };
		D1C082BB28BFAA39005CB868 /* EdamamRecipe.json */ = {isa = PBXFileReference; lastKnownFileType = text.json; path = EdamamRecipe.json; sourceTree = "<group>"; };
/* End PBXFileReference section */

/* Begin PBXFrameworksBuildPhase section */
		D194247628B3C4A300A215A3 /* Frameworks */ = {
			isa = PBXFrameworksBuildPhase;
			buildActionMask = 2147483647;
			files = (
				0362F9C9AA85BADF6DE666AD /* Pods_ReciPlease.framework in Frameworks */,
			);
			runOnlyForDeploymentPostprocessing = 0;
		};
		D1C0826F28BF92B8005CB868 /* Frameworks */ = {
			isa = PBXFrameworksBuildPhase;
			buildActionMask = 2147483647;
			files = (
				3D9F1F8BEADD8AC0E21B1469 /* Pods_ReciPleaseTests.framework in Frameworks */,
			);
			runOnlyForDeploymentPostprocessing = 0;
		};
/* End PBXFrameworksBuildPhase section */

/* Begin PBXGroup section */
		1F08B6F70C1B7566D48BEB1B /* Pods */ = {
			isa = PBXGroup;
			children = (
				5A2D3AC5A01B6BCE2EE78FEB /* Pods-ReciPlease.debug.xcconfig */,
				25A8C23096E69835111A8024 /* Pods-ReciPlease.release.xcconfig */,
				9EACD7AB8E17686FC27EF70B /* Pods-ReciPleaseTests.debug.xcconfig */,
				0B4C70DF7C3E431EFC9BB8E9 /* Pods-ReciPleaseTests.release.xcconfig */,
			);
			path = Pods;
			sourceTree = "<group>";
		};
		2146600659726B71C8C01BA2 /* Frameworks */ = {
			isa = PBXGroup;
			children = (
				0CDAF08F01AFBA1C90077507 /* Pods_ReciPlease.framework */,
				C6C43EB13AF31480FBCA4C4F /* Pods_ReciPleaseTests.framework */,
			);
			name = Frameworks;
			sourceTree = "<group>";
		};
		D194247028B3C4A200A215A3 = {
			isa = PBXGroup;
			children = (
				D194247B28B3C4A300A215A3 /* ReciPlease */,
				D1C0827328BF92B8005CB868 /* ReciPleaseTests */,
				D194247A28B3C4A300A215A3 /* Products */,
				1F08B6F70C1B7566D48BEB1B /* Pods */,
				2146600659726B71C8C01BA2 /* Frameworks */,
			);
			sourceTree = "<group>";
		};
		D194247A28B3C4A300A215A3 /* Products */ = {
			isa = PBXGroup;
			children = (
				D194247928B3C4A300A215A3 /* ReciPlease.app */,
				D1C0827228BF92B8005CB868 /* ReciPleaseTests.xctest */,
			);
			name = Products;
			sourceTree = "<group>";
		};
		D194247B28B3C4A300A215A3 /* ReciPlease */ = {
			isa = PBXGroup;
			children = (
				D194249228B4256D00A215A3 /* Controller */,
				D194249128B4256600A215A3 /* View */,
				D194249028B4255200A215A3 /* Model */,
				D1C0825B28BF8CEC005CB868 /* Supporting Files */,
				D194248A28B3C4A400A215A3 /* Info.plist */,
			);
			path = ReciPlease;
			sourceTree = "<group>";
		};
		D194249028B4255200A215A3 /* Model */ = {
			isa = PBXGroup;
			children = (
				D1C0826528BF8FE0005CB868 /* RecipeService.swift */,
				D1C0826B28BF9207005CB868 /* RecipeSession.swift */,
				D147B99728BFD0890000D301 /* RecipeDataModel.xcdatamodeld */,
				D1C0826928BF91D2005CB868 /* ApiProfile.swift */,
				D1C0827E28BF968B005CB868 /* RecipeSearch.swift */,
				D1C0828228BF9B98005CB868 /* CoreDataStack.swift */,
				D1C0828028BF9700005CB868 /* CoreDataManager.swift */,
			);
			path = Model;
			sourceTree = "<group>";
		};
		D194249128B4256600A215A3 /* View */ = {
			isa = PBXGroup;
			children = (
				D194248228B3C4A300A215A3 /* Main.storyboard */,
				D194248728B3C4A400A215A3 /* LaunchScreen.storyboard */,
				D1C0828928BF9D2C005CB868 /* RecipeTableViewCell.xib */,
				D1C0828B28BF9D74005CB868 /* RecipeTableViewCell.swift */,
				D1C0829528BF9EC5005CB868 /* IngredientsTableViewCell.swift */,
			);
			path = View;
			sourceTree = "<group>";
		};
		D194249228B4256D00A215A3 /* Controller */ = {
			isa = PBXGroup;
			children = (
				D1C0825C28BF8D4B005CB868 /* SearchRecipeViewController.swift */,
				D1C0825E28BF8D77005CB868 /* ListRecipeViewController.swift */,
				D1C0826028BF8D86005CB868 /* FavoriteRecipeViewController.swift */,
				D1C0826228BF8D9E005CB868 /* DetailRecipeViewController.swift */,
			);
			path = Controller;
			sourceTree = "<group>";
		};
		D1C0825B28BF8CEC005CB868 /* Supporting Files */ = {
			isa = PBXGroup;
			children = (
				D1C0828628BF9C50005CB868 /* Extensions */,
				D194247E28B3C4A300A215A3 /* SceneDelegate.swift */,
				D194247C28B3C4A300A215A3 /* AppDelegate.swift */,
				D194248028B3C4A300A215A3 /* ViewController.swift */,
				D194248528B3C4A400A215A3 /* Assets.xcassets */,
			);
			path = "Supporting Files";
			sourceTree = "<group>";
		};
		D1C0827328BF92B8005CB868 /* ReciPleaseTests */ = {
			isa = PBXGroup;
			children = (
				D1C0827428BF92B8005CB868 /* ReciPleaseTests.swift */,
				D1C082BB28BFAA39005CB868 /* EdamamRecipe.json */,
				D1C082B228BFA8F5005CB868 /* SessionFake.swift */,
				D1C082B428BFA908005CB868 /* FakeResponseData.swift */,
				D1C082B628BFA926005CB868 /* CoreDataManagerTests.swift */,
				D1C082B828BFA938005CB868 /* MockCoreDataStack.swift */,
			);
			path = ReciPleaseTests;
			sourceTree = "<group>";
		};
		D1C0828628BF9C50005CB868 /* Extensions */ = {
			isa = PBXGroup;
			children = (
				D1C0828728BF9C63005CB868 /* UIViewController.swift */,
				D1C0828428BF9BCB005CB868 /* ErrorCases.swift */,
				D1C0828D28BF9DB7005CB868 /* ExtensionsInt.swift */,
				D1C0828F28BF9DCE005CB868 /* ExtensionString.swift */,
				D1C0829128BF9E21005CB868 /* UIImage.swift */,
				D1C0829328BF9E58005CB868 /* Time.swift */,
			);
			path = Extensions;
			sourceTree = "<group>";
		};
/* End PBXGroup section */

/* Begin PBXNativeTarget section */
		D194247828B3C4A300A215A3 /* ReciPlease */ = {
			isa = PBXNativeTarget;
			buildConfigurationList = D194248D28B3C4A400A215A3 /* Build configuration list for PBXNativeTarget "ReciPlease" */;
			buildPhases = (
				CCC966E81EBA44F5F40D8927 /* [CP] Check Pods Manifest.lock */,
				D194247528B3C4A300A215A3 /* Sources */,
				D194247628B3C4A300A215A3 /* Frameworks */,
				D194247728B3C4A300A215A3 /* Resources */,
				EE7114E2DBD7A14AB1199706 /* [CP] Embed Pods Frameworks */,
			);
			buildRules = (
			);
			dependencies = (
			);
			name = ReciPlease;
			productName = ReciPlease;
			productReference = D194247928B3C4A300A215A3 /* ReciPlease.app */;
			productType = "com.apple.product-type.application";
		};
		D1C0827128BF92B8005CB868 /* ReciPleaseTests */ = {
			isa = PBXNativeTarget;
			buildConfigurationList = D1C0827828BF92B9005CB868 /* Build configuration list for PBXNativeTarget "ReciPleaseTests" */;
			buildPhases = (
				ACDDBD10CBA92738927360BA /* [CP] Check Pods Manifest.lock */,
				D1C0826E28BF92B8005CB868 /* Sources */,
				D1C0826F28BF92B8005CB868 /* Frameworks */,
				D1C0827028BF92B8005CB868 /* Resources */,
			);
			buildRules = (
			);
			dependencies = (
				D1C0827728BF92B8005CB868 /* PBXTargetDependency */,
			);
			name = ReciPleaseTests;
			productName = ReciPleaseTests;
			productReference = D1C0827228BF92B8005CB868 /* ReciPleaseTests.xctest */;
			productType = "com.apple.product-type.bundle.unit-test";
		};
/* End PBXNativeTarget section */

/* Begin PBXProject section */
		D194247128B3C4A200A215A3 /* Project object */ = {
			isa = PBXProject;
			attributes = {
				BuildIndependentTargetsInParallel = 1;
				LastSwiftUpdateCheck = 1340;
				LastUpgradeCheck = 1340;
				TargetAttributes = {
					D194247828B3C4A300A215A3 = {
						CreatedOnToolsVersion = 13.4.1;
					};
					D1C0827128BF92B8005CB868 = {
						CreatedOnToolsVersion = 13.4.1;
						TestTargetID = D194247828B3C4A300A215A3;
					};
				};
			};
			buildConfigurationList = D194247428B3C4A200A215A3 /* Build configuration list for PBXProject "ReciPlease" */;
			compatibilityVersion = "Xcode 13.0";
			developmentRegion = en;
			hasScannedForEncodings = 0;
			knownRegions = (
				en,
				Base,
			);
			mainGroup = D194247028B3C4A200A215A3;
			productRefGroup = D194247A28B3C4A300A215A3 /* Products */;
			projectDirPath = "";
			projectRoot = "";
			targets = (
				D194247828B3C4A300A215A3 /* ReciPlease */,
				D1C0827128BF92B8005CB868 /* ReciPleaseTests */,
			);
		};
/* End PBXProject section */

/* Begin PBXResourcesBuildPhase section */
		D194247728B3C4A300A215A3 /* Resources */ = {
			isa = PBXResourcesBuildPhase;
			buildActionMask = 2147483647;
			files = (
				D1C0828A28BF9D2C005CB868 /* RecipeTableViewCell.xib in Resources */,
				D194248928B3C4A400A215A3 /* LaunchScreen.storyboard in Resources */,
				D194248628B3C4A400A215A3 /* Assets.xcassets in Resources */,
				D194248428B3C4A300A215A3 /* Main.storyboard in Resources */,
			);
			runOnlyForDeploymentPostprocessing = 0;
		};
		D1C0827028BF92B8005CB868 /* Resources */ = {
			isa = PBXResourcesBuildPhase;
			buildActionMask = 2147483647;
			files = (
				D1C082BC28BFAA39005CB868 /* EdamamRecipe.json in Resources */,
			);
			runOnlyForDeploymentPostprocessing = 0;
		};
/* End PBXResourcesBuildPhase section */

/* Begin PBXShellScriptBuildPhase section */
		ACDDBD10CBA92738927360BA /* [CP] Check Pods Manifest.lock */ = {
			isa = PBXShellScriptBuildPhase;
			buildActionMask = 2147483647;
			files = (
			);
			inputFileListPaths = (
			);
			inputPaths = (
				"${PODS_PODFILE_DIR_PATH}/Podfile.lock",
				"${PODS_ROOT}/Manifest.lock",
			);
			name = "[CP] Check Pods Manifest.lock";
			outputFileListPaths = (
			);
			outputPaths = (
				"$(DERIVED_FILE_DIR)/Pods-ReciPleaseTests-checkManifestLockResult.txt",
			);
			runOnlyForDeploymentPostprocessing = 0;
			shellPath = /bin/sh;
			shellScript = "diff \"${PODS_PODFILE_DIR_PATH}/Podfile.lock\" \"${PODS_ROOT}/Manifest.lock\" > /dev/null\nif [ $? != 0 ] ; then\n    # print error to STDERR\n    echo \"error: The sandbox is not in sync with the Podfile.lock. Run 'pod install' or update your CocoaPods installation.\" >&2\n    exit 1\nfi\n# This output is used by Xcode 'outputs' to avoid re-running this script phase.\necho \"SUCCESS\" > \"${SCRIPT_OUTPUT_FILE_0}\"\n";
			showEnvVarsInLog = 0;
		};
		CCC966E81EBA44F5F40D8927 /* [CP] Check Pods Manifest.lock */ = {
			isa = PBXShellScriptBuildPhase;
			buildActionMask = 2147483647;
			files = (
			);
			inputFileListPaths = (
			);
			inputPaths = (
				"${PODS_PODFILE_DIR_PATH}/Podfile.lock",
				"${PODS_ROOT}/Manifest.lock",
			);
			name = "[CP] Check Pods Manifest.lock";
			outputFileListPaths = (
			);
			outputPaths = (
				"$(DERIVED_FILE_DIR)/Pods-ReciPlease-checkManifestLockResult.txt",
			);
			runOnlyForDeploymentPostprocessing = 0;
			shellPath = /bin/sh;
			shellScript = "diff \"${PODS_PODFILE_DIR_PATH}/Podfile.lock\" \"${PODS_ROOT}/Manifest.lock\" > /dev/null\nif [ $? != 0 ] ; then\n    # print error to STDERR\n    echo \"error: The sandbox is not in sync with the Podfile.lock. Run 'pod install' or update your CocoaPods installation.\" >&2\n    exit 1\nfi\n# This output is used by Xcode 'outputs' to avoid re-running this script phase.\necho \"SUCCESS\" > \"${SCRIPT_OUTPUT_FILE_0}\"\n";
			showEnvVarsInLog = 0;
		};
		EE7114E2DBD7A14AB1199706 /* [CP] Embed Pods Frameworks */ = {
			isa = PBXShellScriptBuildPhase;
			buildActionMask = 2147483647;
			files = (
			);
			inputFileListPaths = (
				"${PODS_ROOT}/Target Support Files/Pods-ReciPlease/Pods-ReciPlease-frameworks-${CONFIGURATION}-input-files.xcfilelist",
			);
			name = "[CP] Embed Pods Frameworks";
			outputFileListPaths = (
				"${PODS_ROOT}/Target Support Files/Pods-ReciPlease/Pods-ReciPlease-frameworks-${CONFIGURATION}-output-files.xcfilelist",
			);
			runOnlyForDeploymentPostprocessing = 0;
			shellPath = /bin/sh;
			shellScript = "\"${PODS_ROOT}/Target Support Files/Pods-ReciPlease/Pods-ReciPlease-frameworks.sh\"\n";
			showEnvVarsInLog = 0;
		};
/* End PBXShellScriptBuildPhase section */

/* Begin PBXSourcesBuildPhase section */
		D194247528B3C4A300A215A3 /* Sources */ = {
			isa = PBXSourcesBuildPhase;
			buildActionMask = 2147483647;
			files = (
				D1C0826128BF8D86005CB868 /* FavoriteRecipeViewController.swift in Sources */,
				D1C0829228BF9E21005CB868 /* UIImage.swift in Sources */,
				D1C0828E28BF9DB7005CB868 /* ExtensionsInt.swift in Sources */,
				D147B99928BFD0890000D301 /* RecipeDataModel.xcdatamodeld in Sources */,
				D1C0825D28BF8D4B005CB868 /* SearchRecipeViewController.swift in Sources */,
				D1C0826C28BF9207005CB868 /* RecipeSession.swift in Sources */,
				D1C0828528BF9BCB005CB868 /* ErrorCases.swift in Sources */,
				D1C0825F28BF8D77005CB868 /* ListRecipeViewController.swift in Sources */,
				D1C0829028BF9DCE005CB868 /* ExtensionString.swift in Sources */,
				D1C0829428BF9E58005CB868 /* Time.swift in Sources */,
				D1C0829628BF9EC5005CB868 /* IngredientsTableViewCell.swift in Sources */,
				D194248128B3C4A300A215A3 /* ViewController.swift in Sources */,
				D1C0826328BF8D9E005CB868 /* DetailRecipeViewController.swift in Sources */,
				D1C0828328BF9B98005CB868 /* CoreDataStack.swift in Sources */,
				D1C0828128BF9700005CB868 /* CoreDataManager.swift in Sources */,
				D1C0827F28BF968B005CB868 /* RecipeSearch.swift in Sources */,
				D194247D28B3C4A300A215A3 /* AppDelegate.swift in Sources */,
				D194247F28B3C4A300A215A3 /* SceneDelegate.swift in Sources */,
				D1C0826A28BF91D2005CB868 /* ApiProfile.swift in Sources */,
				D1C0828828BF9C63005CB868 /* UIViewController.swift in Sources */,
				D1C0828C28BF9D74005CB868 /* RecipeTableViewCell.swift in Sources */,
				D1C0826628BF8FE0005CB868 /* RecipeService.swift in Sources */,
			);
			runOnlyForDeploymentPostprocessing = 0;
		};
		D1C0826E28BF92B8005CB868 /* Sources */ = {
			isa = PBXSourcesBuildPhase;
			buildActionMask = 2147483647;
			files = (
				D1C0827528BF92B8005CB868 /* ReciPleaseTests.swift in Sources */,
				D1C082B328BFA8F5005CB868 /* SessionFake.swift in Sources */,
				D1C082B728BFA926005CB868 /* CoreDataManagerTests.swift in Sources */,
				D1C082B528BFA908005CB868 /* FakeResponseData.swift in Sources */,
				D1C082B928BFA938005CB868 /* MockCoreDataStack.swift in Sources */,
			);
			runOnlyForDeploymentPostprocessing = 0;
		};
/* End PBXSourcesBuildPhase section */

/* Begin PBXTargetDependency section */
		D1C0827728BF92B8005CB868 /* PBXTargetDependency */ = {
			isa = PBXTargetDependency;
			target = D194247828B3C4A300A215A3 /* ReciPlease */;
			targetProxy = D1C0827628BF92B8005CB868 /* PBXContainerItemProxy */;
		};
/* End PBXTargetDependency section */

/* Begin PBXVariantGroup section */
		D194248228B3C4A300A215A3 /* Main.storyboard */ = {
			isa = PBXVariantGroup;
			children = (
				D194248328B3C4A300A215A3 /* Base */,
			);
			name = Main.storyboard;
			sourceTree = "<group>";
		};
		D194248728B3C4A400A215A3 /* LaunchScreen.storyboard */ = {
			isa = PBXVariantGroup;
			children = (
				D194248828B3C4A400A215A3 /* Base */,
			);
			name = LaunchScreen.storyboard;
			sourceTree = "<group>";
		};
/* End PBXVariantGroup section */

/* Begin XCBuildConfiguration section */
		D194248B28B3C4A400A215A3 /* Debug */ = {
			isa = XCBuildConfiguration;
			buildSettings = {
				ALWAYS_SEARCH_USER_PATHS = NO;
				CLANG_ANALYZER_NONNULL = YES;
				CLANG_ANALYZER_NUMBER_OBJECT_CONVERSION = YES_AGGRESSIVE;
				CLANG_CXX_LANGUAGE_STANDARD = "gnu++17";
				CLANG_ENABLE_MODULES = YES;
				CLANG_ENABLE_OBJC_ARC = YES;
				CLANG_ENABLE_OBJC_WEAK = YES;
				CLANG_WARN_BLOCK_CAPTURE_AUTORELEASING = YES;
				CLANG_WARN_BOOL_CONVERSION = YES;
				CLANG_WARN_COMMA = YES;
				CLANG_WARN_CONSTANT_CONVERSION = YES;
				CLANG_WARN_DEPRECATED_OBJC_IMPLEMENTATIONS = YES;
				CLANG_WARN_DIRECT_OBJC_ISA_USAGE = YES_ERROR;
				CLANG_WARN_DOCUMENTATION_COMMENTS = YES;
				CLANG_WARN_EMPTY_BODY = YES;
				CLANG_WARN_ENUM_CONVERSION = YES;
				CLANG_WARN_INFINITE_RECURSION = YES;
				CLANG_WARN_INT_CONVERSION = YES;
				CLANG_WARN_NON_LITERAL_NULL_CONVERSION = YES;
				CLANG_WARN_OBJC_IMPLICIT_RETAIN_SELF = YES;
				CLANG_WARN_OBJC_LITERAL_CONVERSION = YES;
				CLANG_WARN_OBJC_ROOT_CLASS = YES_ERROR;
				CLANG_WARN_QUOTED_INCLUDE_IN_FRAMEWORK_HEADER = YES;
				CLANG_WARN_RANGE_LOOP_ANALYSIS = YES;
				CLANG_WARN_STRICT_PROTOTYPES = YES;
				CLANG_WARN_SUSPICIOUS_MOVE = YES;
				CLANG_WARN_UNGUARDED_AVAILABILITY = YES_AGGRESSIVE;
				CLANG_WARN_UNREACHABLE_CODE = YES;
				CLANG_WARN__DUPLICATE_METHOD_MATCH = YES;
				COPY_PHASE_STRIP = NO;
				DEBUG_INFORMATION_FORMAT = dwarf;
				ENABLE_STRICT_OBJC_MSGSEND = YES;
				ENABLE_TESTABILITY = YES;
				GCC_C_LANGUAGE_STANDARD = gnu11;
				GCC_DYNAMIC_NO_PIC = NO;
				GCC_NO_COMMON_BLOCKS = YES;
				GCC_OPTIMIZATION_LEVEL = 0;
				GCC_PREPROCESSOR_DEFINITIONS = (
					"DEBUG=1",
					"$(inherited)",
				);
				GCC_WARN_64_TO_32_BIT_CONVERSION = YES;
				GCC_WARN_ABOUT_RETURN_TYPE = YES_ERROR;
				GCC_WARN_UNDECLARED_SELECTOR = YES;
				GCC_WARN_UNINITIALIZED_AUTOS = YES_AGGRESSIVE;
				GCC_WARN_UNUSED_FUNCTION = YES;
				GCC_WARN_UNUSED_VARIABLE = YES;
				IPHONEOS_DEPLOYMENT_TARGET = 15.5;
				MTL_ENABLE_DEBUG_INFO = INCLUDE_SOURCE;
				MTL_FAST_MATH = YES;
				ONLY_ACTIVE_ARCH = YES;
				SDKROOT = iphoneos;
				SWIFT_ACTIVE_COMPILATION_CONDITIONS = DEBUG;
				SWIFT_OPTIMIZATION_LEVEL = "-Onone";
			};
			name = Debug;
		};
		D194248C28B3C4A400A215A3 /* Release */ = {
			isa = XCBuildConfiguration;
			buildSettings = {
				ALWAYS_SEARCH_USER_PATHS = NO;
				CLANG_ANALYZER_NONNULL = YES;
				CLANG_ANALYZER_NUMBER_OBJECT_CONVERSION = YES_AGGRESSIVE;
				CLANG_CXX_LANGUAGE_STANDARD = "gnu++17";
				CLANG_ENABLE_MODULES = YES;
				CLANG_ENABLE_OBJC_ARC = YES;
				CLANG_ENABLE_OBJC_WEAK = YES;
				CLANG_WARN_BLOCK_CAPTURE_AUTORELEASING = YES;
				CLANG_WARN_BOOL_CONVERSION = YES;
				CLANG_WARN_COMMA = YES;
				CLANG_WARN_CONSTANT_CONVERSION = YES;
				CLANG_WARN_DEPRECATED_OBJC_IMPLEMENTATIONS = YES;
				CLANG_WARN_DIRECT_OBJC_ISA_USAGE = YES_ERROR;
				CLANG_WARN_DOCUMENTATION_COMMENTS = YES;
				CLANG_WARN_EMPTY_BODY = YES;
				CLANG_WARN_ENUM_CONVERSION = YES;
				CLANG_WARN_INFINITE_RECURSION = YES;
				CLANG_WARN_INT_CONVERSION = YES;
				CLANG_WARN_NON_LITERAL_NULL_CONVERSION = YES;
				CLANG_WARN_OBJC_IMPLICIT_RETAIN_SELF = YES;
				CLANG_WARN_OBJC_LITERAL_CONVERSION = YES;
				CLANG_WARN_OBJC_ROOT_CLASS = YES_ERROR;
				CLANG_WARN_QUOTED_INCLUDE_IN_FRAMEWORK_HEADER = YES;
				CLANG_WARN_RANGE_LOOP_ANALYSIS = YES;
				CLANG_WARN_STRICT_PROTOTYPES = YES;
				CLANG_WARN_SUSPICIOUS_MOVE = YES;
				CLANG_WARN_UNGUARDED_AVAILABILITY = YES_AGGRESSIVE;
				CLANG_WARN_UNREACHABLE_CODE = YES;
				CLANG_WARN__DUPLICATE_METHOD_MATCH = YES;
				COPY_PHASE_STRIP = NO;
				DEBUG_INFORMATION_FORMAT = "dwarf-with-dsym";
				ENABLE_NS_ASSERTIONS = NO;
				ENABLE_STRICT_OBJC_MSGSEND = YES;
				GCC_C_LANGUAGE_STANDARD = gnu11;
				GCC_NO_COMMON_BLOCKS = YES;
				GCC_WARN_64_TO_32_BIT_CONVERSION = YES;
				GCC_WARN_ABOUT_RETURN_TYPE = YES_ERROR;
				GCC_WARN_UNDECLARED_SELECTOR = YES;
				GCC_WARN_UNINITIALIZED_AUTOS = YES_AGGRESSIVE;
				GCC_WARN_UNUSED_FUNCTION = YES;
				GCC_WARN_UNUSED_VARIABLE = YES;
				IPHONEOS_DEPLOYMENT_TARGET = 15.5;
				MTL_ENABLE_DEBUG_INFO = NO;
				MTL_FAST_MATH = YES;
				SDKROOT = iphoneos;
				SWIFT_COMPILATION_MODE = wholemodule;
				SWIFT_OPTIMIZATION_LEVEL = "-O";
				VALIDATE_PRODUCT = YES;
			};
			name = Release;
		};
		D194248E28B3C4A400A215A3 /* Debug */ = {
			isa = XCBuildConfiguration;
			baseConfigurationReference = 5A2D3AC5A01B6BCE2EE78FEB /* Pods-ReciPlease.debug.xcconfig */;
			buildSettings = {
				ASSETCATALOG_COMPILER_APPICON_NAME = AppIcon;
				ASSETCATALOG_COMPILER_GLOBAL_ACCENT_COLOR_NAME = AccentColor;
				CODE_SIGN_STYLE = Automatic;
				CURRENT_PROJECT_VERSION = 1;
				DEVELOPMENT_TEAM = 69N585LAQZ;
				GENERATE_INFOPLIST_FILE = YES;
				INFOPLIST_FILE = ReciPlease/Info.plist;
				INFOPLIST_KEY_UIApplicationSupportsIndirectInputEvents = YES;
				INFOPLIST_KEY_UILaunchStoryboardName = LaunchScreen;
				INFOPLIST_KEY_UIMainStoryboardFile = Main;
				INFOPLIST_KEY_UISupportedInterfaceOrientations_iPad = "UIInterfaceOrientationPortrait UIInterfaceOrientationPortraitUpsideDown UIInterfaceOrientationLandscapeLeft UIInterfaceOrientationLandscapeRight";
				INFOPLIST_KEY_UISupportedInterfaceOrientations_iPhone = "UIInterfaceOrientationPortrait UIInterfaceOrientationLandscapeLeft UIInterfaceOrientationLandscapeRight";
				LD_RUNPATH_SEARCH_PATHS = (
					"$(inherited)",
					"@executable_path/Frameworks",
				);
				MARKETING_VERSION = 1.0;
				PRODUCT_BUNDLE_IDENTIFIER = "com.sofyan-dev.ReciPleasee";
				PRODUCT_NAME = "$(TARGET_NAME)";
				SWIFT_EMIT_LOC_STRINGS = YES;
				SWIFT_VERSION = 5.0;
				TARGETED_DEVICE_FAMILY = "1,2";
			};
			name = Debug;
		};
		D194248F28B3C4A400A215A3 /* Release */ = {
			isa = XCBuildConfiguration;
			baseConfigurationReference = 25A8C23096E69835111A8024 /* Pods-ReciPlease.release.xcconfig */;
			buildSettings = {
				ASSETCATALOG_COMPILER_APPICON_NAME = AppIcon;
				ASSETCATALOG_COMPILER_GLOBAL_ACCENT_COLOR_NAME = AccentColor;
				CODE_SIGN_STYLE = Automatic;
				CURRENT_PROJECT_VERSION = 1;
				DEVELOPMENT_TEAM = 69N585LAQZ;
				GENERATE_INFOPLIST_FILE = YES;
				INFOPLIST_FILE = ReciPlease/Info.plist;
				INFOPLIST_KEY_UIApplicationSupportsIndirectInputEvents = YES;
				INFOPLIST_KEY_UILaunchStoryboardName = LaunchScreen;
				INFOPLIST_KEY_UIMainStoryboardFile = Main;
				INFOPLIST_KEY_UISupportedInterfaceOrientations_iPad = "UIInterfaceOrientationPortrait UIInterfaceOrientationPortraitUpsideDown UIInterfaceOrientationLandscapeLeft UIInterfaceOrientationLandscapeRight";
				INFOPLIST_KEY_UISupportedInterfaceOrientations_iPhone = "UIInterfaceOrientationPortrait UIInterfaceOrientationLandscapeLeft UIInterfaceOrientationLandscapeRight";
				LD_RUNPATH_SEARCH_PATHS = (
					"$(inherited)",
					"@executable_path/Frameworks",
				);
				MARKETING_VERSION = 1.0;
				PRODUCT_BUNDLE_IDENTIFIER = "com.sofyan-dev.ReciPleasee";
				PRODUCT_NAME = "$(TARGET_NAME)";
				SWIFT_EMIT_LOC_STRINGS = YES;
				SWIFT_VERSION = 5.0;
				TARGETED_DEVICE_FAMILY = "1,2";
			};
			name = Release;
		};
		D1C0827928BF92B9005CB868 /* Debug */ = {
			isa = XCBuildConfiguration;
			baseConfigurationReference = 9EACD7AB8E17686FC27EF70B /* Pods-ReciPleaseTests.debug.xcconfig */;
			buildSettings = {
				BUNDLE_LOADER = "$(TEST_HOST)";
				CODE_SIGN_STYLE = Automatic;
				CURRENT_PROJECT_VERSION = 1;
				DEVELOPMENT_TEAM = 69N585LAQZ;
				GENERATE_INFOPLIST_FILE = YES;
				MARKETING_VERSION = 1.0;
				PRODUCT_BUNDLE_IDENTIFIER = "com.sofyan-dev.ReciPleaseTests";
				PRODUCT_NAME = "$(TARGET_NAME)";
				SWIFT_EMIT_LOC_STRINGS = NO;
				SWIFT_VERSION = 5.0;
				TARGETED_DEVICE_FAMILY = "1,2";
				TEST_HOST = "$(BUILT_PRODUCTS_DIR)/ReciPlease.app/ReciPlease";
			};
			name = Debug;
		};
		D1C0827A28BF92B9005CB868 /* Release */ = {
			isa = XCBuildConfiguration;
			baseConfigurationReference = 0B4C70DF7C3E431EFC9BB8E9 /* Pods-ReciPleaseTests.release.xcconfig */;
			buildSettings = {
				BUNDLE_LOADER = "$(TEST_HOST)";
				CODE_SIGN_STYLE = Automatic;
				CURRENT_PROJECT_VERSION = 1;
				DEVELOPMENT_TEAM = 69N585LAQZ;
				GENERATE_INFOPLIST_FILE = YES;
				MARKETING_VERSION = 1.0;
				PRODUCT_BUNDLE_IDENTIFIER = "com.sofyan-dev.ReciPleaseTests";
				PRODUCT_NAME = "$(TARGET_NAME)";
				SWIFT_EMIT_LOC_STRINGS = NO;
				SWIFT_VERSION = 5.0;
				TARGETED_DEVICE_FAMILY = "1,2";
				TEST_HOST = "$(BUILT_PRODUCTS_DIR)/ReciPlease.app/ReciPlease";
			};
			name = Release;
		};
/* End XCBuildConfiguration section */

/* Begin XCConfigurationList section */
		D194247428B3C4A200A215A3 /* Build configuration list for PBXProject "ReciPlease" */ = {
			isa = XCConfigurationList;
			buildConfigurations = (
				D194248B28B3C4A400A215A3 /* Debug */,
				D194248C28B3C4A400A215A3 /* Release */,
			);
			defaultConfigurationIsVisible = 0;
			defaultConfigurationName = Release;
		};
		D194248D28B3C4A400A215A3 /* Build configuration list for PBXNativeTarget "ReciPlease" */ = {
			isa = XCConfigurationList;
			buildConfigurations = (
				D194248E28B3C4A400A215A3 /* Debug */,
				D194248F28B3C4A400A215A3 /* Release */,
			);
			defaultConfigurationIsVisible = 0;
			defaultConfigurationName = Release;
		};
		D1C0827828BF92B9005CB868 /* Build configuration list for PBXNativeTarget "ReciPleaseTests" */ = {
			isa = XCConfigurationList;
			buildConfigurations = (
				D1C0827928BF92B9005CB868 /* Debug */,
				D1C0827A28BF92B9005CB868 /* Release */,
			);
			defaultConfigurationIsVisible = 0;
			defaultConfigurationName = Release;
		};
/* End XCConfigurationList section */

/* Begin XCVersionGroup section */
		D147B99728BFD0890000D301 /* RecipeDataModel.xcdatamodeld */ = {
			isa = XCVersionGroup;
			children = (
				D147B99828BFD0890000D301 /* Reciplease_p10.xcdatamodel */,
			);
			currentVersion = D147B99828BFD0890000D301 /* Reciplease_p10.xcdatamodel */;
			path = RecipeDataModel.xcdatamodeld;
			sourceTree = "<group>";
			versionGroupType = wrapper.xcdatamodel;
		};
/* End XCVersionGroup section */
	};
	rootObject = D194247128B3C4A200A215A3 /* Project object */;
}
